
Microsoft Visual Studio Solution File, Format Version 12.00
# Visual Studio Version 17
VisualStudioVersion = 17.6.33723.286
MinimumVisualStudioVersion = 10.0.40219.1
Project("{FAE04EC0-301F-11D3-BF4B-00C04F79EFBC}") = "CarSalesManagement", "CarSalesManagement\CarSalesManagement.csproj", "{6E8DB87D-B7F5-453C-AAD4-EF36AD7C5855}"
EndProject
Project("{FAE04EC0-301F-11D3-BF4B-00C04F79EFBC}") = "CarSalesManagementDAL", "CarSalesManagementDAL\CarSalesManagementDAL.csproj", "{3DBBA3A8-F1D4-473F-80A6-6F45486DB485}"
EndProject
Project("{FAE04EC0-301F-11D3-BF4B-00C04F79EFBC}") = "CarSalesManagement.BLL", "CarSalesManagement.BLL\CarSalesManagement.BLL.csproj", "{82DF3FAE-A3B7-42D1-AE77-8037271E2EC1}"
EndProject
Global
	GlobalSection(SolutionConfigurationPlatforms) = preSolution
		Debug|Any CPU = Debug|Any CPU
		Release|Any CPU = Release|Any CPU
	EndGlobalSection
	GlobalSection(ProjectConfigurationPlatforms) = postSolution
		{6E8DB87D-B7F5-453C-AAD4-EF36AD7C5855}.Debug|Any CPU.ActiveCfg = Debug|Any CPU
		{6E8DB87D-B7F5-453C-AAD4-EF36AD7C5855}.Debug|Any CPU.Build.0 = Debug|Any CPU
		{6E8DB87D-B7F5-453C-AAD4-EF36AD7C5855}.Release|Any CPU.ActiveCfg = Release|Any CPU
		{6E8DB87D-B7F5-453C-AAD4-EF36AD7C5855}.Release|Any CPU.Build.0 = Release|Any CPU
		{3DBBA3A8-F1D4-473F-80A6-6F45486DB485}.Debug|Any CPU.ActiveCfg = Debug|Any CPU
		{3DBBA3A8-F1D4-473F-80A6-6F45486DB485}.Debug|Any CPU.Build.0 = Debug|Any CPU
		{3DBBA3A8-F1D4-473F-80A6-6F45486DB485}.Release|Any CPU.ActiveCfg = Release|Any CPU
		{3DBBA3A8-F1D4-473F-80A6-6F45486DB485}.Release|Any CPU.Build.0 = Release|Any CPU
		{82DF3FAE-A3B7-42D1-AE77-8037271E2EC1}.Debug|Any CPU.ActiveCfg = Debug|Any CPU
		{82DF3FAE-A3B7-42D1-AE77-8037271E2EC1}.Debug|Any CPU.Build.0 = Debug|Any CPU
		{82DF3FAE-A3B7-42D1-AE77-8037271E2EC1}.Release|Any CPU.ActiveCfg = Release|Any CPU
		{82DF3FAE-A3B7-42D1-AE77-8037271E2EC1}.Release|Any CPU.Build.0 = Release|Any CPU
	EndGlobalSection
	GlobalSection(SolutionProperties) = preSolution
		HideSolutionNode = FALSE
	EndGlobalSection
	GlobalSection(ExtensibilityGlobals) = postSolution
		SolutionGuid = {2587A52E-D3CE-4E8E-8A24-434C1BEFC3BC}
	EndGlobalSection
EndGlobal
